
Microsoft Visual Studio Solution File, Format Version 12.00
# Visual Studio Version 17
VisualStudioVersion = 17.7.34024.191
MinimumVisualStudioVersion = 10.0.40219.1
Project("{FAE04EC0-301F-11D3-BF4B-00C04F79EFBC}") = "Assignment3_Ques6", "Assignment3_Ques6\Assignment3_Ques6.csproj", "{F2E7BA99-E3FC-4565-8EDD-8AEC55B961FD}"
EndProject
Global
	GlobalSection(SolutionConfigurationPlatforms) = preSolution
		Debug|Any CPU = Debug|Any CPU
		Release|Any CPU = Release|Any CPU
	EndGlobalSection
	GlobalSection(ProjectConfigurationPlatforms) = postSolution
		{F2E7BA99-E3FC-4565-8EDD-8AEC55B961FD}.Debug|Any CPU.ActiveCfg = Debug|Any CPU
		{F2E7BA99-E3FC-4565-8EDD-8AEC55B961FD}.Debug|Any CPU.Build.0 = Debug|Any CPU
		{F2E7BA99-E3FC-4565-8EDD-8AEC55B961FD}.Release|Any CPU.ActiveCfg = Release|Any CPU
		{F2E7BA99-E3FC-4565-8EDD-8AEC55B961FD}.Release|Any CPU.Build.0 = Release|Any CPU
	EndGlobalSection
	GlobalSection(SolutionProperties) = preSolution
		HideSolutionNode = FALSE
	EndGlobalSection
	GlobalSection(ExtensibilityGlobals) = postSolution
		SolutionGuid = {A5237444-23C9-41BD-BB84-FBAD0A96296F}
	EndGlobalSection
EndGlobal
