
Microsoft Visual Studio Solution File, Format Version 12.00
# Visual Studio Version 17
VisualStudioVersion = 17.7.34024.191
MinimumVisualStudioVersion = 10.0.40219.1
Project("{FAE04EC0-301F-11D3-BF4B-00C04F79EFBC}") = "ConsoleApp3", "ConsoleApp3\ConsoleApp3.csproj", "{7E2CAD33-2EFC-4D10-9BB2-4BB8826EE1F0}"
EndProject
Global
	GlobalSection(SolutionConfigurationPlatforms) = preSolution
		Debug|Any CPU = Debug|Any CPU
		Release|Any CPU = Release|Any CPU
	EndGlobalSection
	GlobalSection(ProjectConfigurationPlatforms) = postSolution
		{7E2CAD33-2EFC-4D10-9BB2-4BB8826EE1F0}.Debug|Any CPU.ActiveCfg = Debug|Any CPU
		{7E2CAD33-2EFC-4D10-9BB2-4BB8826EE1F0}.Debug|Any CPU.Build.0 = Debug|Any CPU
		{7E2CAD33-2EFC-4D10-9BB2-4BB8826EE1F0}.Release|Any CPU.ActiveCfg = Release|Any CPU
		{7E2CAD33-2EFC-4D10-9BB2-4BB8826EE1F0}.Release|Any CPU.Build.0 = Release|Any CPU
	EndGlobalSection
	GlobalSection(SolutionProperties) = preSolution
		HideSolutionNode = FALSE
	EndGlobalSection
	GlobalSection(ExtensibilityGlobals) = postSolution
		SolutionGuid = {48C9412A-AE3D-4EDA-8205-7E16D54C6E19}
	EndGlobalSection
EndGlobal
