
Microsoft Visual Studio Solution File, Format Version 12.00
# Visual Studio Version 17
VisualStudioVersion = 17.6.33829.357
MinimumVisualStudioVersion = 10.0.40219.1
Project("{FAE04EC0-301F-11D3-BF4B-00C04F79EFBC}") = "Lab_Ass2_Ques4", "Lab_Ass2_Ques4\Lab_Ass2_Ques4.csproj", "{366BDA6F-FACE-463D-9984-9B01B4DE8557}"
EndProject
Global
	GlobalSection(SolutionConfigurationPlatforms) = preSolution
		Debug|Any CPU = Debug|Any CPU
		Release|Any CPU = Release|Any CPU
	EndGlobalSection
	GlobalSection(ProjectConfigurationPlatforms) = postSolution
		{366BDA6F-FACE-463D-9984-9B01B4DE8557}.Debug|Any CPU.ActiveCfg = Debug|Any CPU
		{366BDA6F-FACE-463D-9984-9B01B4DE8557}.Debug|Any CPU.Build.0 = Debug|Any CPU
		{366BDA6F-FACE-463D-9984-9B01B4DE8557}.Release|Any CPU.ActiveCfg = Release|Any CPU
		{366BDA6F-FACE-463D-9984-9B01B4DE8557}.Release|Any CPU.Build.0 = Release|Any CPU
	EndGlobalSection
	GlobalSection(SolutionProperties) = preSolution
		HideSolutionNode = FALSE
	EndGlobalSection
	GlobalSection(ExtensibilityGlobals) = postSolution
		SolutionGuid = {95E4FF20-8E9C-4854-B153-2DCC9F414E73}
	EndGlobalSection
EndGlobal
