
Microsoft Visual Studio Solution File, Format Version 12.00
# Visual Studio Version 17
VisualStudioVersion = 17.7.34024.191
MinimumVisualStudioVersion = 10.0.40219.1
Project("{FAE04EC0-301F-11D3-BF4B-00C04F79EFBC}") = "Assignment3_Ques2", "Assignment3_Ques2\Assignment3_Ques2.csproj", "{219DB240-A460-4836-BDB1-3892E3856590}"
EndProject
Global
	GlobalSection(SolutionConfigurationPlatforms) = preSolution
		Debug|Any CPU = Debug|Any CPU
		Release|Any CPU = Release|Any CPU
	EndGlobalSection
	GlobalSection(ProjectConfigurationPlatforms) = postSolution
		{219DB240-A460-4836-BDB1-3892E3856590}.Debug|Any CPU.ActiveCfg = Debug|Any CPU
		{219DB240-A460-4836-BDB1-3892E3856590}.Debug|Any CPU.Build.0 = Debug|Any CPU
		{219DB240-A460-4836-BDB1-3892E3856590}.Release|Any CPU.ActiveCfg = Release|Any CPU
		{219DB240-A460-4836-BDB1-3892E3856590}.Release|Any CPU.Build.0 = Release|Any CPU
	EndGlobalSection
	GlobalSection(SolutionProperties) = preSolution
		HideSolutionNode = FALSE
	EndGlobalSection
	GlobalSection(ExtensibilityGlobals) = postSolution
		SolutionGuid = {40BC6491-A701-4EF4-B249-258EC5C09B8B}
	EndGlobalSection
EndGlobal
