
Microsoft Visual Studio Solution File, Format Version 12.00
# Visual Studio Version 17
VisualStudioVersion = 17.7.34024.191
MinimumVisualStudioVersion = 10.0.40219.1
Project("{FAE04EC0-301F-11D3-BF4B-00C04F79EFBC}") = "Assignment3_Ques1", "Assignment3_Ques1\Assignment3_Ques1.csproj", "{B60667ED-DE33-42F1-B511-997816AC4D66}"
EndProject
Global
	GlobalSection(SolutionConfigurationPlatforms) = preSolution
		Debug|Any CPU = Debug|Any CPU
		Release|Any CPU = Release|Any CPU
	EndGlobalSection
	GlobalSection(ProjectConfigurationPlatforms) = postSolution
		{B60667ED-DE33-42F1-B511-997816AC4D66}.Debug|Any CPU.ActiveCfg = Debug|Any CPU
		{B60667ED-DE33-42F1-B511-997816AC4D66}.Debug|Any CPU.Build.0 = Debug|Any CPU
		{B60667ED-DE33-42F1-B511-997816AC4D66}.Release|Any CPU.ActiveCfg = Release|Any CPU
		{B60667ED-DE33-42F1-B511-997816AC4D66}.Release|Any CPU.Build.0 = Release|Any CPU
	EndGlobalSection
	GlobalSection(SolutionProperties) = preSolution
		HideSolutionNode = FALSE
	EndGlobalSection
	GlobalSection(ExtensibilityGlobals) = postSolution
		SolutionGuid = {84CDBD3C-0864-4D18-B3AA-BB487BC2235F}
	EndGlobalSection
EndGlobal
