
Microsoft Visual Studio Solution File, Format Version 12.00
# Visual Studio Version 17
VisualStudioVersion = 17.7.34024.191
MinimumVisualStudioVersion = 10.0.40219.1
Project("{FAE04EC0-301F-11D3-BF4B-00C04F79EFBC}") = "Assignment3_Ques10", "Assignment3_Ques10\Assignment3_Ques10.csproj", "{A0C142E5-FB47-4060-9FD5-4DDA58D6D092}"
EndProject
Global
	GlobalSection(SolutionConfigurationPlatforms) = preSolution
		Debug|Any CPU = Debug|Any CPU
		Release|Any CPU = Release|Any CPU
	EndGlobalSection
	GlobalSection(ProjectConfigurationPlatforms) = postSolution
		{A0C142E5-FB47-4060-9FD5-4DDA58D6D092}.Debug|Any CPU.ActiveCfg = Debug|Any CPU
		{A0C142E5-FB47-4060-9FD5-4DDA58D6D092}.Debug|Any CPU.Build.0 = Debug|Any CPU
		{A0C142E5-FB47-4060-9FD5-4DDA58D6D092}.Release|Any CPU.ActiveCfg = Release|Any CPU
		{A0C142E5-FB47-4060-9FD5-4DDA58D6D092}.Release|Any CPU.Build.0 = Release|Any CPU
	EndGlobalSection
	GlobalSection(SolutionProperties) = preSolution
		HideSolutionNode = FALSE
	EndGlobalSection
	GlobalSection(ExtensibilityGlobals) = postSolution
		SolutionGuid = {82BA2FAF-0CEF-4FB0-BA7D-064E0B1B80A3}
	EndGlobalSection
EndGlobal
