
Microsoft Visual Studio Solution File, Format Version 12.00
# Visual Studio Version 17
VisualStudioVersion = 17.6.33829.357
MinimumVisualStudioVersion = 10.0.40219.1
Project("{FAE04EC0-301F-11D3-BF4B-00C04F79EFBC}") = "Lab_Ass5_Ques8", "Lab_Ass5_Ques8\Lab_Ass5_Ques8.csproj", "{6451772A-55CA-49B4-AEA8-C0BF656C798B}"
EndProject
Global
	GlobalSection(SolutionConfigurationPlatforms) = preSolution
		Debug|Any CPU = Debug|Any CPU
		Release|Any CPU = Release|Any CPU
	EndGlobalSection
	GlobalSection(ProjectConfigurationPlatforms) = postSolution
		{6451772A-55CA-49B4-AEA8-C0BF656C798B}.Debug|Any CPU.ActiveCfg = Debug|Any CPU
		{6451772A-55CA-49B4-AEA8-C0BF656C798B}.Debug|Any CPU.Build.0 = Debug|Any CPU
		{6451772A-55CA-49B4-AEA8-C0BF656C798B}.Release|Any CPU.ActiveCfg = Release|Any CPU
		{6451772A-55CA-49B4-AEA8-C0BF656C798B}.Release|Any CPU.Build.0 = Release|Any CPU
	EndGlobalSection
	GlobalSection(SolutionProperties) = preSolution
		HideSolutionNode = FALSE
	EndGlobalSection
	GlobalSection(ExtensibilityGlobals) = postSolution
		SolutionGuid = {1C86DD66-9A4F-4443-B86A-AD7AD637D902}
	EndGlobalSection
EndGlobal
