
Microsoft Visual Studio Solution File, Format Version 12.00
# Visual Studio Version 17
VisualStudioVersion = 17.6.33829.357
MinimumVisualStudioVersion = 10.0.40219.1
Project("{FAE04EC0-301F-11D3-BF4B-00C04F79EFBC}") = "Rahul_Ass2_Ques2", "Rahul_Ass2_Ques2\Rahul_Ass2_Ques2.csproj", "{C05707BB-B5F7-44B8-B9D8-04FB61C198C6}"
EndProject
Global
	GlobalSection(SolutionConfigurationPlatforms) = preSolution
		Debug|Any CPU = Debug|Any CPU
		Release|Any CPU = Release|Any CPU
	EndGlobalSection
	GlobalSection(ProjectConfigurationPlatforms) = postSolution
		{C05707BB-B5F7-44B8-B9D8-04FB61C198C6}.Debug|Any CPU.ActiveCfg = Debug|Any CPU
		{C05707BB-B5F7-44B8-B9D8-04FB61C198C6}.Debug|Any CPU.Build.0 = Debug|Any CPU
		{C05707BB-B5F7-44B8-B9D8-04FB61C198C6}.Release|Any CPU.ActiveCfg = Release|Any CPU
		{C05707BB-B5F7-44B8-B9D8-04FB61C198C6}.Release|Any CPU.Build.0 = Release|Any CPU
	EndGlobalSection
	GlobalSection(SolutionProperties) = preSolution
		HideSolutionNode = FALSE
	EndGlobalSection
	GlobalSection(ExtensibilityGlobals) = postSolution
		SolutionGuid = {D19D87E7-5B4D-4060-9523-B619F4C0379D}
	EndGlobalSection
EndGlobal
