
Microsoft Visual Studio Solution File, Format Version 12.00
# Visual Studio Version 17
VisualStudioVersion = 17.7.34024.191
MinimumVisualStudioVersion = 10.0.40219.1
Project("{FAE04EC0-301F-11D3-BF4B-00C04F79EFBC}") = "Assignment3_Ques3", "Assignment3_Ques3\Assignment3_Ques3.csproj", "{DDDA9B6F-CB71-4AA6-B03A-CA0152FB909A}"
EndProject
Global
	GlobalSection(SolutionConfigurationPlatforms) = preSolution
		Debug|Any CPU = Debug|Any CPU
		Release|Any CPU = Release|Any CPU
	EndGlobalSection
	GlobalSection(ProjectConfigurationPlatforms) = postSolution
		{DDDA9B6F-CB71-4AA6-B03A-CA0152FB909A}.Debug|Any CPU.ActiveCfg = Debug|Any CPU
		{DDDA9B6F-CB71-4AA6-B03A-CA0152FB909A}.Debug|Any CPU.Build.0 = Debug|Any CPU
		{DDDA9B6F-CB71-4AA6-B03A-CA0152FB909A}.Release|Any CPU.ActiveCfg = Release|Any CPU
		{DDDA9B6F-CB71-4AA6-B03A-CA0152FB909A}.Release|Any CPU.Build.0 = Release|Any CPU
	EndGlobalSection
	GlobalSection(SolutionProperties) = preSolution
		HideSolutionNode = FALSE
	EndGlobalSection
	GlobalSection(ExtensibilityGlobals) = postSolution
		SolutionGuid = {D2F681B9-E3CA-4A75-8C82-ABBD0B10914B}
	EndGlobalSection
EndGlobal
