
Microsoft Visual Studio Solution File, Format Version 12.00
# Visual Studio Version 17
VisualStudioVersion = 17.6.33829.357
MinimumVisualStudioVersion = 10.0.40219.1
Project("{FAE04EC0-301F-11D3-BF4B-00C04F79EFBC}") = "Lab_Ass2_Ques7", "Lab_Ass2_Ques7\Lab_Ass2_Ques7.csproj", "{78CEB39B-7B64-49FB-B2B5-42561C05A9F3}"
EndProject
Global
	GlobalSection(SolutionConfigurationPlatforms) = preSolution
		Debug|Any CPU = Debug|Any CPU
		Release|Any CPU = Release|Any CPU
	EndGlobalSection
	GlobalSection(ProjectConfigurationPlatforms) = postSolution
		{78CEB39B-7B64-49FB-B2B5-42561C05A9F3}.Debug|Any CPU.ActiveCfg = Debug|Any CPU
		{78CEB39B-7B64-49FB-B2B5-42561C05A9F3}.Debug|Any CPU.Build.0 = Debug|Any CPU
		{78CEB39B-7B64-49FB-B2B5-42561C05A9F3}.Release|Any CPU.ActiveCfg = Release|Any CPU
		{78CEB39B-7B64-49FB-B2B5-42561C05A9F3}.Release|Any CPU.Build.0 = Release|Any CPU
	EndGlobalSection
	GlobalSection(SolutionProperties) = preSolution
		HideSolutionNode = FALSE
	EndGlobalSection
	GlobalSection(ExtensibilityGlobals) = postSolution
		SolutionGuid = {A209DF6E-C547-4975-9D71-F7E25B21AE67}
	EndGlobalSection
EndGlobal
