
Microsoft Visual Studio Solution File, Format Version 12.00
# Visual Studio Version 17
VisualStudioVersion = 17.7.34024.191
MinimumVisualStudioVersion = 10.0.40219.1
Project("{FAE04EC0-301F-11D3-BF4B-00C04F79EFBC}") = "ConsoleApp3", "ConsoleApp3\ConsoleApp3.csproj", "{D471F02C-A17B-474C-A030-FF507275AEAC}"
EndProject
Global
	GlobalSection(SolutionConfigurationPlatforms) = preSolution
		Debug|Any CPU = Debug|Any CPU
		Release|Any CPU = Release|Any CPU
	EndGlobalSection
	GlobalSection(ProjectConfigurationPlatforms) = postSolution
		{D471F02C-A17B-474C-A030-FF507275AEAC}.Debug|Any CPU.ActiveCfg = Debug|Any CPU
		{D471F02C-A17B-474C-A030-FF507275AEAC}.Debug|Any CPU.Build.0 = Debug|Any CPU
		{D471F02C-A17B-474C-A030-FF507275AEAC}.Release|Any CPU.ActiveCfg = Release|Any CPU
		{D471F02C-A17B-474C-A030-FF507275AEAC}.Release|Any CPU.Build.0 = Release|Any CPU
	EndGlobalSection
	GlobalSection(SolutionProperties) = preSolution
		HideSolutionNode = FALSE
	EndGlobalSection
	GlobalSection(ExtensibilityGlobals) = postSolution
		SolutionGuid = {5D43AAC0-1080-407E-A2F9-D7DDE7FA2F5F}
	EndGlobalSection
EndGlobal
