
Microsoft Visual Studio Solution File, Format Version 12.00
# Visual Studio Version 17
VisualStudioVersion = 17.7.34024.191
MinimumVisualStudioVersion = 10.0.40219.1
Project("{FAE04EC0-301F-11D3-BF4B-00C04F79EFBC}") = "ConsoleApp3", "ConsoleApp3\ConsoleApp3.csproj", "{15E4EA96-C906-48FA-A5BD-39E5A015F0BE}"
EndProject
Global
	GlobalSection(SolutionConfigurationPlatforms) = preSolution
		Debug|Any CPU = Debug|Any CPU
		Release|Any CPU = Release|Any CPU
	EndGlobalSection
	GlobalSection(ProjectConfigurationPlatforms) = postSolution
		{15E4EA96-C906-48FA-A5BD-39E5A015F0BE}.Debug|Any CPU.ActiveCfg = Debug|Any CPU
		{15E4EA96-C906-48FA-A5BD-39E5A015F0BE}.Debug|Any CPU.Build.0 = Debug|Any CPU
		{15E4EA96-C906-48FA-A5BD-39E5A015F0BE}.Release|Any CPU.ActiveCfg = Release|Any CPU
		{15E4EA96-C906-48FA-A5BD-39E5A015F0BE}.Release|Any CPU.Build.0 = Release|Any CPU
	EndGlobalSection
	GlobalSection(SolutionProperties) = preSolution
		HideSolutionNode = FALSE
	EndGlobalSection
	GlobalSection(ExtensibilityGlobals) = postSolution
		SolutionGuid = {8C33CAA6-BD8E-485D-A781-CC7DD2C820B8}
	EndGlobalSection
EndGlobal
