
Microsoft Visual Studio Solution File, Format Version 12.00
# Visual Studio Version 17
VisualStudioVersion = 17.7.34024.191
MinimumVisualStudioVersion = 10.0.40219.1
Project("{FAE04EC0-301F-11D3-BF4B-00C04F79EFBC}") = "Assignment3_Ques8", "Assignment3_Ques8\Assignment3_Ques8.csproj", "{F433134C-D6E2-4226-97B8-3787E2A2CFF0}"
EndProject
Global
	GlobalSection(SolutionConfigurationPlatforms) = preSolution
		Debug|Any CPU = Debug|Any CPU
		Release|Any CPU = Release|Any CPU
	EndGlobalSection
	GlobalSection(ProjectConfigurationPlatforms) = postSolution
		{F433134C-D6E2-4226-97B8-3787E2A2CFF0}.Debug|Any CPU.ActiveCfg = Debug|Any CPU
		{F433134C-D6E2-4226-97B8-3787E2A2CFF0}.Debug|Any CPU.Build.0 = Debug|Any CPU
		{F433134C-D6E2-4226-97B8-3787E2A2CFF0}.Release|Any CPU.ActiveCfg = Release|Any CPU
		{F433134C-D6E2-4226-97B8-3787E2A2CFF0}.Release|Any CPU.Build.0 = Release|Any CPU
	EndGlobalSection
	GlobalSection(SolutionProperties) = preSolution
		HideSolutionNode = FALSE
	EndGlobalSection
	GlobalSection(ExtensibilityGlobals) = postSolution
		SolutionGuid = {4E08FC6F-46AF-479B-96D5-DFA16B0C67A5}
	EndGlobalSection
EndGlobal
